{
  "object": {
    "pins": [
      {
        "package": "Socket",
        "repositoryURL": "https://github.com/IBM-Swift/BlueSocket.git",
        "state": {
          "branch": null,
          "revision": "db43361274cdabb01ad37315666b5092c3738439",
          "version": "1.0.1"
        }
      }
    ]
  },
  "version": 1
}
